{
  "name": "remarkable_pdfmake",
  "version": "0.0.0-1",
  "lockfileVersion": 1,
  "requires": true,
  "dependencies": {
    "argparse": {
      "version": "0.1.16",
      "resolved": "https://registry.npmjs.org/argparse/-/argparse-0.1.16.tgz",
      "integrity": "sha1-z9AeD7uj1srtBJ+9dY1A9lGW9Xw=",
      "dev": true,
      "requires": {
        "underscore": "~1.7.0",
        "underscore.string": "~2.4.0"
      }
    },
    "autolinker": {
      "version": "0.15.3",
      "resolved": "https://registry.npmjs.org/autolinker/-/autolinker-0.15.3.tgz",
      "integrity": "sha1-NCQX2PLzRhsUzwkIjV7fh5HcmDI=",
      "dev": true
    },
    "remarkable": {
      "version": "1.7.1",
      "resolved": "https://registry.npmjs.org/remarkable/-/remarkable-1.7.1.tgz",
      "integrity": "sha1-qspJchALZqZCpjoQIcpLrBvjv/Y=",
      "dev": true,
      "requires": {
        "argparse": "~0.1.15",
        "autolinker": "~0.15.0"
      }
    },
    "underscore": {
      "version": "1.7.0",
      "resolved": "https://registry.npmjs.org/underscore/-/underscore-1.7.0.tgz",
      "integrity": "sha1-a7rwh3UA02vjTsqlhODbn+8DUgk=",
      "dev": true
    },
    "underscore.string": {
      "version": "2.4.0",
      "resolved": "https://registry.npmjs.org/underscore.string/-/underscore.string-2.4.0.tgz",
      "integrity": "sha1-jN2PusTi0uoefi6Al8QvRCKA+Fs=",
      "dev": true
    }
  }
}
